
Microsoft Visual Studio Solution File, Format Version 12.00
# Visual Studio Version 16
VisualStudioVersion = 16.0.30709.132
MinimumVisualStudioVersion = 10.0.40219.1
Project("{FAE04EC0-301F-11D3-BF4B-00C04F79EFBC}") = "ScreenShot", "ScreenShot\ScreenShot.csproj", "{1418FDE1-C30B-469C-A7B1-94A168B66689}"
EndProject
Global
	GlobalSection(SolutionConfigurationPlatforms) = preSolution
		Debug|Any CPU = Debug|Any CPU
		Release|Any CPU = Release|Any CPU
	EndGlobalSection
	GlobalSection(ProjectConfigurationPlatforms) = postSolution
		{1418FDE1-C30B-469C-A7B1-94A168B66689}.Debug|Any CPU.ActiveCfg = Debug|Any CPU
		{1418FDE1-C30B-469C-A7B1-94A168B66689}.Debug|Any CPU.Build.0 = Debug|Any CPU
		{1418FDE1-C30B-469C-A7B1-94A168B66689}.Release|Any CPU.ActiveCfg = Release|Any CPU
		{1418FDE1-C30B-469C-A7B1-94A168B66689}.Release|Any CPU.Build.0 = Release|Any CPU
	EndGlobalSection
	GlobalSection(SolutionProperties) = preSolution
		HideSolutionNode = FALSE
	EndGlobalSection
	GlobalSection(ExtensibilityGlobals) = postSolution
		SolutionGuid = {6046BE26-8498-403F-B428-DCE33F08601B}
	EndGlobalSection
EndGlobal
